
Microsoft Visual Studio Solution File, Format Version 12.00
# Visual Studio Version 17
VisualStudioVersion = 17.11.35327.3
MinimumVisualStudioVersion = 10.0.40219.1
Project("{FAE04EC0-301F-11D3-BF4B-00C04F79EFBC}") = "Pismeni1", "Pismeni1.csproj", "{54FA715E-5A6B-4655-9464-8A43AF6802D5}"
EndProject
Global
	GlobalSection(SolutionConfigurationPlatforms) = preSolution
		Debug|Any CPU = Debug|Any CPU
		Release|Any CPU = Release|Any CPU
	EndGlobalSection
	GlobalSection(ProjectConfigurationPlatforms) = postSolution
		{54FA715E-5A6B-4655-9464-8A43AF6802D5}.Debug|Any CPU.ActiveCfg = Debug|Any CPU
		{54FA715E-5A6B-4655-9464-8A43AF6802D5}.Debug|Any CPU.Build.0 = Debug|Any CPU
		{54FA715E-5A6B-4655-9464-8A43AF6802D5}.Release|Any CPU.ActiveCfg = Release|Any CPU
		{54FA715E-5A6B-4655-9464-8A43AF6802D5}.Release|Any CPU.Build.0 = Release|Any CPU
	EndGlobalSection
	GlobalSection(SolutionProperties) = preSolution
		HideSolutionNode = FALSE
	EndGlobalSection
	GlobalSection(ExtensibilityGlobals) = postSolution
		SolutionGuid = {81DA3F40-FC46-4EA6-BD3B-400A0A6DDCAF}
	EndGlobalSection
EndGlobal
