
Microsoft Visual Studio Solution File, Format Version 12.00
# Visual Studio Version 17
VisualStudioVersion = 17.11.35222.181
MinimumVisualStudioVersion = 10.0.40219.1
Project("{FAE04EC0-301F-11D3-BF4B-00C04F79EFBC}") = "Kuca", "Kuca.csproj", "{47ED8AAC-B080-45FE-9667-6442FEE7B0EE}"
EndProject
Global
	GlobalSection(SolutionConfigurationPlatforms) = preSolution
		Debug|Any CPU = Debug|Any CPU
		Release|Any CPU = Release|Any CPU
	EndGlobalSection
	GlobalSection(ProjectConfigurationPlatforms) = postSolution
		{47ED8AAC-B080-45FE-9667-6442FEE7B0EE}.Debug|Any CPU.ActiveCfg = Debug|Any CPU
		{47ED8AAC-B080-45FE-9667-6442FEE7B0EE}.Debug|Any CPU.Build.0 = Debug|Any CPU
		{47ED8AAC-B080-45FE-9667-6442FEE7B0EE}.Release|Any CPU.ActiveCfg = Release|Any CPU
		{47ED8AAC-B080-45FE-9667-6442FEE7B0EE}.Release|Any CPU.Build.0 = Release|Any CPU
	EndGlobalSection
	GlobalSection(SolutionProperties) = preSolution
		HideSolutionNode = FALSE
	EndGlobalSection
	GlobalSection(ExtensibilityGlobals) = postSolution
		SolutionGuid = {55605161-3AFB-4412-B885-77F264A501B8}
	EndGlobalSection
EndGlobal
