
Microsoft Visual Studio Solution File, Format Version 12.00
# Visual Studio Version 17
VisualStudioVersion = 17.11.35222.181
MinimumVisualStudioVersion = 10.0.40219.1
Project("{FAE04EC0-301F-11D3-BF4B-00C04F79EFBC}") = "Boje", "Boje.csproj", "{B80E519A-E798-40F9-B82D-8956BA8B748F}"
EndProject
Global
	GlobalSection(SolutionConfigurationPlatforms) = preSolution
		Debug|Any CPU = Debug|Any CPU
		Release|Any CPU = Release|Any CPU
	EndGlobalSection
	GlobalSection(ProjectConfigurationPlatforms) = postSolution
		{B80E519A-E798-40F9-B82D-8956BA8B748F}.Debug|Any CPU.ActiveCfg = Debug|Any CPU
		{B80E519A-E798-40F9-B82D-8956BA8B748F}.Debug|Any CPU.Build.0 = Debug|Any CPU
		{B80E519A-E798-40F9-B82D-8956BA8B748F}.Release|Any CPU.ActiveCfg = Release|Any CPU
		{B80E519A-E798-40F9-B82D-8956BA8B748F}.Release|Any CPU.Build.0 = Release|Any CPU
	EndGlobalSection
	GlobalSection(SolutionProperties) = preSolution
		HideSolutionNode = FALSE
	EndGlobalSection
	GlobalSection(ExtensibilityGlobals) = postSolution
		SolutionGuid = {A54E582E-F208-4947-8382-7BD047441134}
	EndGlobalSection
EndGlobal
