
Microsoft Visual Studio Solution File, Format Version 12.00
# Visual Studio Version 16
VisualStudioVersion = 16.0.35130.168
MinimumVisualStudioVersion = 10.0.40219.1
Project("{FAE04EC0-301F-11D3-BF4B-00C04F79EFBC}") = "Brod", "Brod.csproj", "{CEAC8625-D29F-4F2F-B86D-74C922A13293}"
EndProject
Global
	GlobalSection(SolutionConfigurationPlatforms) = preSolution
		Debug|Any CPU = Debug|Any CPU
		Release|Any CPU = Release|Any CPU
	EndGlobalSection
	GlobalSection(ProjectConfigurationPlatforms) = postSolution
		{CEAC8625-D29F-4F2F-B86D-74C922A13293}.Debug|Any CPU.ActiveCfg = Debug|Any CPU
		{CEAC8625-D29F-4F2F-B86D-74C922A13293}.Debug|Any CPU.Build.0 = Debug|Any CPU
		{CEAC8625-D29F-4F2F-B86D-74C922A13293}.Release|Any CPU.ActiveCfg = Release|Any CPU
		{CEAC8625-D29F-4F2F-B86D-74C922A13293}.Release|Any CPU.Build.0 = Release|Any CPU
	EndGlobalSection
	GlobalSection(SolutionProperties) = preSolution
		HideSolutionNode = FALSE
	EndGlobalSection
	GlobalSection(ExtensibilityGlobals) = postSolution
		SolutionGuid = {5E1EE58F-86BD-44A5-9DE0-EFBC8E3E443C}
	EndGlobalSection
EndGlobal
