
Microsoft Visual Studio Solution File, Format Version 12.00
# Visual Studio Version 16
VisualStudioVersion = 16.0.35130.168
MinimumVisualStudioVersion = 10.0.40219.1
Project("{FAE04EC0-301F-11D3-BF4B-00C04F79EFBC}") = "Dinamicke-Strukture", "Dinamicke-Strukture.csproj", "{70399505-5F9D-4A1A-B1F5-0DE13A4B443B}"
EndProject
Project("{2150E333-8FDC-42A3-9474-1A3956D46DE8}") = "Solution Items", "Solution Items", "{4C695365-9BF8-493C-8668-21EC125488D9}"
	ProjectSection(SolutionItems) = preProject
		plate.txt = plate.txt
	EndProjectSection
EndProject
Global
	GlobalSection(SolutionConfigurationPlatforms) = preSolution
		Debug|Any CPU = Debug|Any CPU
		Release|Any CPU = Release|Any CPU
	EndGlobalSection
	GlobalSection(ProjectConfigurationPlatforms) = postSolution
		{70399505-5F9D-4A1A-B1F5-0DE13A4B443B}.Debug|Any CPU.ActiveCfg = Debug|Any CPU
		{70399505-5F9D-4A1A-B1F5-0DE13A4B443B}.Debug|Any CPU.Build.0 = Debug|Any CPU
		{70399505-5F9D-4A1A-B1F5-0DE13A4B443B}.Release|Any CPU.ActiveCfg = Release|Any CPU
		{70399505-5F9D-4A1A-B1F5-0DE13A4B443B}.Release|Any CPU.Build.0 = Release|Any CPU
	EndGlobalSection
	GlobalSection(SolutionProperties) = preSolution
		HideSolutionNode = FALSE
	EndGlobalSection
	GlobalSection(ExtensibilityGlobals) = postSolution
		SolutionGuid = {A77CD998-55E2-4426-A03C-D03DF1AE30AD}
	EndGlobalSection
EndGlobal
