
Microsoft Visual Studio Solution File, Format Version 12.00
# Visual Studio Version 17
VisualStudioVersion = 17.11.35222.181
MinimumVisualStudioVersion = 10.0.40219.1
Project("{FAE04EC0-301F-11D3-BF4B-00C04F79EFBC}") = "Kvadrat", "Kvadrat.csproj", "{09AFE334-67F8-4118-A29F-A3553EFEDEBF}"
EndProject
Global
	GlobalSection(SolutionConfigurationPlatforms) = preSolution
		Debug|Any CPU = Debug|Any CPU
		Release|Any CPU = Release|Any CPU
	EndGlobalSection
	GlobalSection(ProjectConfigurationPlatforms) = postSolution
		{09AFE334-67F8-4118-A29F-A3553EFEDEBF}.Debug|Any CPU.ActiveCfg = Debug|Any CPU
		{09AFE334-67F8-4118-A29F-A3553EFEDEBF}.Debug|Any CPU.Build.0 = Debug|Any CPU
		{09AFE334-67F8-4118-A29F-A3553EFEDEBF}.Release|Any CPU.ActiveCfg = Release|Any CPU
		{09AFE334-67F8-4118-A29F-A3553EFEDEBF}.Release|Any CPU.Build.0 = Release|Any CPU
	EndGlobalSection
	GlobalSection(SolutionProperties) = preSolution
		HideSolutionNode = FALSE
	EndGlobalSection
	GlobalSection(ExtensibilityGlobals) = postSolution
		SolutionGuid = {557BB55F-9294-4C72-886F-9EB0B7E1F231}
	EndGlobalSection
EndGlobal
